// !$*UTF8*$!
{
	archiveVersion = 1;
	classes = {
	};
	objectVersion = 55;
	objects = {

/* Begin PBXBuildFile section */
		4261C4D32882B45D0068BC38 /* Colors.swift in Sources */ = {isa = PBXBuildFile; fileRef = 4261C4D22882B45D0068BC38 /* Colors.swift */; };
		4261C4D628881D1E0068BC38 /* HomeViewController.swift in Sources */ = {isa = PBXBuildFile; fileRef = 4261C4D528881D1E0068BC38 /* HomeViewController.swift */; };
		4261C4D828881D2F0068BC38 /* Home.storyboard in Resources */ = {isa = PBXBuildFile; fileRef = 4261C4D728881D2F0068BC38 /* Home.storyboard */; };
		4261C4DA288826680068BC38 /* AuthRouter.swift in Sources */ = {isa = PBXBuildFile; fileRef = 4261C4D9288826680068BC38 /* AuthRouter.swift */; };
		4261C4DC288827AC0068BC38 /* Constants.swift in Sources */ = {isa = PBXBuildFile; fileRef = 4261C4DB288827AC0068BC38 /* Constants.swift */; };
		4261C4DE28882ABB0068BC38 /* ApiManager.swift in Sources */ = {isa = PBXBuildFile; fileRef = 4261C4DD28882ABB0068BC38 /* ApiManager.swift */; };
		4261C4E4288B1A810068BC38 /* Colors.xcassets in Resources */ = {isa = PBXBuildFile; fileRef = 4261C4E3288B1A810068BC38 /* Colors.xcassets */; };
		4261C4E6288BEF010068BC38 /* User.swift in Sources */ = {isa = PBXBuildFile; fileRef = 4261C4E5288BEF010068BC38 /* User.swift */; };
		4261C4E8288BF8320068BC38 /* Alert.swift in Sources */ = {isa = PBXBuildFile; fileRef = 4261C4E7288BF8320068BC38 /* Alert.swift */; };
		4261C4EA288BFB860068BC38 /* ShowsRouter.swift in Sources */ = {isa = PBXBuildFile; fileRef = 4261C4E9288BFB860068BC38 /* ShowsRouter.swift */; };
		4261C4EC288BFE160068BC38 /* Shows.swift in Sources */ = {isa = PBXBuildFile; fileRef = 4261C4EB288BFE160068BC38 /* Shows.swift */; };
		4261C4EE288C09680068BC38 /* ShowsTableViewCell.swift in Sources */ = {isa = PBXBuildFile; fileRef = 4261C4ED288C09680068BC38 /* ShowsTableViewCell.swift */; };
		4261C4F1288C25420068BC38 /* ShowDetailsViewController.swift in Sources */ = {isa = PBXBuildFile; fileRef = 4261C4F0288C25420068BC38 /* ShowDetailsViewController.swift */; };
		4261C4F3288C258B0068BC38 /* ShowDetails.storyboard in Resources */ = {isa = PBXBuildFile; fileRef = 4261C4F2288C258B0068BC38 /* ShowDetails.storyboard */; };
		4261C4FD288C41040068BC38 /* ShowDetailsMainTableViewCell.swift in Sources */ = {isa = PBXBuildFile; fileRef = 4261C4FC288C41040068BC38 /* ShowDetailsMainTableViewCell.swift */; };
		4261C4FF288D714B0068BC38 /* ReviewsRouter.swift in Sources */ = {isa = PBXBuildFile; fileRef = 4261C4FE288D714B0068BC38 /* ReviewsRouter.swift */; };
		4261C501288D72770068BC38 /* Reviews.swift in Sources */ = {isa = PBXBuildFile; fileRef = 4261C500288D72770068BC38 /* Reviews.swift */; };
		4261C505288D75810068BC38 /* ShowDetailsReviewTableViewCell.swift in Sources */ = {isa = PBXBuildFile; fileRef = 4261C504288D75810068BC38 /* ShowDetailsReviewTableViewCell.swift */; };
		4261C50A288D94E00068BC38 /* WriteReviewViewController.swift in Sources */ = {isa = PBXBuildFile; fileRef = 4261C509288D94E00068BC38 /* WriteReviewViewController.swift */; };
		426A089A2892EB310044B8B8 /* ProfileDetails.storyboard in Resources */ = {isa = PBXBuildFile; fileRef = 426A08992892EB310044B8B8 /* ProfileDetails.storyboard */; };
		426A089C2892EB3F0044B8B8 /* ProfileDetailsViewController.swift in Sources */ = {isa = PBXBuildFile; fileRef = 426A089B2892EB3F0044B8B8 /* ProfileDetailsViewController.swift */; };
		426A089E2892F3FA0044B8B8 /* UserRouter.swift in Sources */ = {isa = PBXBuildFile; fileRef = 426A089D2892F3FA0044B8B8 /* UserRouter.swift */; };
		42729105288D98060029262A /* WriteReview.storyboard in Resources */ = {isa = PBXBuildFile; fileRef = 42729104288D98060029262A /* WriteReview.storyboard */; };
		4272910B288D9CEF0029262A /* RatingView.swift in Sources */ = {isa = PBXBuildFile; fileRef = 4272910A288D9CEF0029262A /* RatingView.swift */; };
		4272910D28907EA60029262A /* Animations.swift in Sources */ = {isa = PBXBuildFile; fileRef = 4272910C28907EA60029262A /* Animations.swift */; };
		42D309CA2875EE6300B03062 /* AppDelegate.swift in Sources */ = {isa = PBXBuildFile; fileRef = 42D309C92875EE6300B03062 /* AppDelegate.swift */; };
		42D309CC2875EE6300B03062 /* SceneDelegate.swift in Sources */ = {isa = PBXBuildFile; fileRef = 42D309CB2875EE6300B03062 /* SceneDelegate.swift */; };
		42D309CE2875EE6300B03062 /* ViewController.swift in Sources */ = {isa = PBXBuildFile; fileRef = 42D309CD2875EE6300B03062 /* ViewController.swift */; };
		42D309D32875EE6500B03062 /* Assets.xcassets in Resources */ = {isa = PBXBuildFile; fileRef = 42D309D22875EE6500B03062 /* Assets.xcassets */; };
		42D309D62875EE6500B03062 /* LaunchScreen.storyboard in Resources */ = {isa = PBXBuildFile; fileRef = 42D309D42875EE6500B03062 /* LaunchScreen.storyboard */; };
		42D309DF2878A8C900B03062 /* Login.storyboard in Resources */ = {isa = PBXBuildFile; fileRef = 42D309DE2878A8C900B03062 /* Login.storyboard */; };
		42D309E12878A8DB00B03062 /* LoginViewController.swift in Sources */ = {isa = PBXBuildFile; fileRef = 42D309E02878A8DB00B03062 /* LoginViewController.swift */; };
		552AB59A6460E6D2FB4B6AFB /* Pods_TV_Shows.framework in Frameworks */ = {isa = PBXBuildFile; fileRef = 351340DE7E1DCDB4DC3CA631 /* Pods_TV_Shows.framework */; };
/* End PBXBuildFile section */

/* Begin PBXFileReference section */
		2415CC3BC18B2F5275868735 /* Pods-TV Shows.release.xcconfig */ = {isa = PBXFileReference; includeInIndex = 1; lastKnownFileType = text.xcconfig; name = "Pods-TV Shows.release.xcconfig"; path = "Target Support Files/Pods-TV Shows/Pods-TV Shows.release.xcconfig"; sourceTree = "<group>"; };
		351340DE7E1DCDB4DC3CA631 /* Pods_TV_Shows.framework */ = {isa = PBXFileReference; explicitFileType = wrapper.framework; includeInIndex = 0; path = Pods_TV_Shows.framework; sourceTree = BUILT_PRODUCTS_DIR; };
		4261C4D22882B45D0068BC38 /* Colors.swift */ = {isa = PBXFileReference; lastKnownFileType = sourcecode.swift; path = Colors.swift; sourceTree = "<group>"; };
		4261C4D528881D1E0068BC38 /* HomeViewController.swift */ = {isa = PBXFileReference; lastKnownFileType = sourcecode.swift; path = HomeViewController.swift; sourceTree = "<group>"; };
		4261C4D728881D2F0068BC38 /* Home.storyboard */ = {isa = PBXFileReference; lastKnownFileType = file.storyboard; path = Home.storyboard; sourceTree = "<group>"; };
		4261C4D9288826680068BC38 /* AuthRouter.swift */ = {isa = PBXFileReference; lastKnownFileType = sourcecode.swift; path = AuthRouter.swift; sourceTree = "<group>"; };
		4261C4DB288827AC0068BC38 /* Constants.swift */ = {isa = PBXFileReference; lastKnownFileType = sourcecode.swift; path = Constants.swift; sourceTree = "<group>"; };
		4261C4DD28882ABB0068BC38 /* ApiManager.swift */ = {isa = PBXFileReference; lastKnownFileType = sourcecode.swift; path = ApiManager.swift; sourceTree = "<group>"; };
		4261C4E3288B1A810068BC38 /* Colors.xcassets */ = {isa = PBXFileReference; lastKnownFileType = folder.assetcatalog; path = Colors.xcassets; sourceTree = "<group>"; };
		4261C4E5288BEF010068BC38 /* User.swift */ = {isa = PBXFileReference; lastKnownFileType = sourcecode.swift; path = User.swift; sourceTree = "<group>"; };
		4261C4E7288BF8320068BC38 /* Alert.swift */ = {isa = PBXFileReference; lastKnownFileType = sourcecode.swift; path = Alert.swift; sourceTree = "<group>"; };
		4261C4E9288BFB860068BC38 /* ShowsRouter.swift */ = {isa = PBXFileReference; lastKnownFileType = sourcecode.swift; path = ShowsRouter.swift; sourceTree = "<group>"; };
		4261C4EB288BFE160068BC38 /* Shows.swift */ = {isa = PBXFileReference; lastKnownFileType = sourcecode.swift; path = Shows.swift; sourceTree = "<group>"; };
		4261C4ED288C09680068BC38 /* ShowsTableViewCell.swift */ = {isa = PBXFileReference; lastKnownFileType = sourcecode.swift; path = ShowsTableViewCell.swift; sourceTree = "<group>"; };
		4261C4F0288C25420068BC38 /* ShowDetailsViewController.swift */ = {isa = PBXFileReference; lastKnownFileType = sourcecode.swift; path = ShowDetailsViewController.swift; sourceTree = "<group>"; };
		4261C4F2288C258B0068BC38 /* ShowDetails.storyboard */ = {isa = PBXFileReference; lastKnownFileType = file.storyboard; path = ShowDetails.storyboard; sourceTree = "<group>"; };
		4261C4FC288C41040068BC38 /* ShowDetailsMainTableViewCell.swift */ = {isa = PBXFileReference; lastKnownFileType = sourcecode.swift; path = ShowDetailsMainTableViewCell.swift; sourceTree = "<group>"; };
		4261C4FE288D714B0068BC38 /* ReviewsRouter.swift */ = {isa = PBXFileReference; lastKnownFileType = sourcecode.swift; path = ReviewsRouter.swift; sourceTree = "<group>"; };
		4261C500288D72770068BC38 /* Reviews.swift */ = {isa = PBXFileReference; lastKnownFileType = sourcecode.swift; path = Reviews.swift; sourceTree = "<group>"; };
		4261C504288D75810068BC38 /* ShowDetailsReviewTableViewCell.swift */ = {isa = PBXFileReference; lastKnownFileType = sourcecode.swift; path = ShowDetailsReviewTableViewCell.swift; sourceTree = "<group>"; };
		4261C509288D94E00068BC38 /* WriteReviewViewController.swift */ = {isa = PBXFileReference; lastKnownFileType = sourcecode.swift; path = WriteReviewViewController.swift; sourceTree = "<group>"; };
		426A08992892EB310044B8B8 /* ProfileDetails.storyboard */ = {isa = PBXFileReference; lastKnownFileType = file.storyboard; path = ProfileDetails.storyboard; sourceTree = "<group>"; };
		426A089B2892EB3F0044B8B8 /* ProfileDetailsViewController.swift */ = {isa = PBXFileReference; lastKnownFileType = sourcecode.swift; path = ProfileDetailsViewController.swift; sourceTree = "<group>"; };
		426A089D2892F3FA0044B8B8 /* UserRouter.swift */ = {isa = PBXFileReference; lastKnownFileType = sourcecode.swift; path = UserRouter.swift; sourceTree = "<group>"; };
		42729104288D98060029262A /* WriteReview.storyboard */ = {isa = PBXFileReference; lastKnownFileType = file.storyboard; path = WriteReview.storyboard; sourceTree = "<group>"; };
		4272910A288D9CEF0029262A /* RatingView.swift */ = {isa = PBXFileReference; lastKnownFileType = sourcecode.swift; path = RatingView.swift; sourceTree = "<group>"; };
		4272910C28907EA60029262A /* Animations.swift */ = {isa = PBXFileReference; lastKnownFileType = sourcecode.swift; path = Animations.swift; sourceTree = "<group>"; };
		42D309C62875EE6300B03062 /* TV Shows.app */ = {isa = PBXFileReference; explicitFileType = wrapper.application; includeInIndex = 0; path = "TV Shows.app"; sourceTree = BUILT_PRODUCTS_DIR; };
		42D309C92875EE6300B03062 /* AppDelegate.swift */ = {isa = PBXFileReference; lastKnownFileType = sourcecode.swift; path = AppDelegate.swift; sourceTree = "<group>"; };
		42D309CB2875EE6300B03062 /* SceneDelegate.swift */ = {isa = PBXFileReference; lastKnownFileType = sourcecode.swift; path = SceneDelegate.swift; sourceTree = "<group>"; };
		42D309CD2875EE6300B03062 /* ViewController.swift */ = {isa = PBXFileReference; lastKnownFileType = sourcecode.swift; path = ViewController.swift; sourceTree = "<group>"; };
		42D309D22875EE6500B03062 /* Assets.xcassets */ = {isa = PBXFileReference; lastKnownFileType = folder.assetcatalog; path = Assets.xcassets; sourceTree = "<group>"; };
		42D309D52875EE6500B03062 /* Base */ = {isa = PBXFileReference; lastKnownFileType = file.storyboard; name = Base; path = Base.lproj/LaunchScreen.storyboard; sourceTree = "<group>"; };
		42D309D72875EE6500B03062 /* Info.plist */ = {isa = PBXFileReference; lastKnownFileType = text.plist.xml; path = Info.plist; sourceTree = "<group>"; };
		42D309DE2878A8C900B03062 /* Login.storyboard */ = {isa = PBXFileReference; lastKnownFileType = file.storyboard; path = Login.storyboard; sourceTree = "<group>"; };
		42D309E02878A8DB00B03062 /* LoginViewController.swift */ = {isa = PBXFileReference; lastKnownFileType = sourcecode.swift; path = LoginViewController.swift; sourceTree = "<group>"; };
		E0E1E13A6BF9FE52A70D3400 /* Pods-TV Shows.debug.xcconfig */ = {isa = PBXFileReference; includeInIndex = 1; lastKnownFileType = text.xcconfig; name = "Pods-TV Shows.debug.xcconfig"; path = "Target Support Files/Pods-TV Shows/Pods-TV Shows.debug.xcconfig"; sourceTree = "<group>"; };
/* End PBXFileReference section */

/* Begin PBXFrameworksBuildPhase section */
		42D309C32875EE6300B03062 /* Frameworks */ = {
			isa = PBXFrameworksBuildPhase;
			buildActionMask = 2147483647;
			files = (
				552AB59A6460E6D2FB4B6AFB /* Pods_TV_Shows.framework in Frameworks */,
			);
			runOnlyForDeploymentPostprocessing = 0;
		};
/* End PBXFrameworksBuildPhase section */

/* Begin PBXGroup section */
		4261C4D428881CF60068BC38 /* Home */ = {
			isa = PBXGroup;
			children = (
				426A08982892EB090044B8B8 /* ProfileDetails */,
				4261C507288D7A060068BC38 /* TableViewCells */,
				4261C4D528881D1E0068BC38 /* HomeViewController.swift */,
				4261C4D728881D2F0068BC38 /* Home.storyboard */,
				4261C4EB288BFE160068BC38 /* Shows.swift */,
			);
			path = Home;
			sourceTree = "<group>";
		};
		4261C4DF28882DCD0068BC38 /* API */ = {
			isa = PBXGroup;
			children = (
				4261C4E028882E030068BC38 /* Routers */,
				4261C4DD28882ABB0068BC38 /* ApiManager.swift */,
			);
			path = API;
			sourceTree = "<group>";
		};
		4261C4E028882E030068BC38 /* Routers */ = {
			isa = PBXGroup;
			children = (
				4261C4D9288826680068BC38 /* AuthRouter.swift */,
				4261C4E9288BFB860068BC38 /* ShowsRouter.swift */,
				4261C4FE288D714B0068BC38 /* ReviewsRouter.swift */,
				426A089D2892F3FA0044B8B8 /* UserRouter.swift */,
			);
			path = Routers;
			sourceTree = "<group>";
		};
		4261C4EF288C25210068BC38 /* ShowDetails */ = {
			isa = PBXGroup;
			children = (
				4261C508288D94B40068BC38 /* WriteReview */,
				4261C506288D79FA0068BC38 /* TableViewCells */,
				4261C4F0288C25420068BC38 /* ShowDetailsViewController.swift */,
				4261C4F2288C258B0068BC38 /* ShowDetails.storyboard */,
				4261C500288D72770068BC38 /* Reviews.swift */,
			);
			path = ShowDetails;
			sourceTree = "<group>";
		};
		4261C506288D79FA0068BC38 /* TableViewCells */ = {
			isa = PBXGroup;
			children = (
				4261C4FC288C41040068BC38 /* ShowDetailsMainTableViewCell.swift */,
				4261C504288D75810068BC38 /* ShowDetailsReviewTableViewCell.swift */,
			);
			path = TableViewCells;
			sourceTree = "<group>";
		};
		4261C507288D7A060068BC38 /* TableViewCells */ = {
			isa = PBXGroup;
			children = (
				4261C4ED288C09680068BC38 /* ShowsTableViewCell.swift */,
			);
			path = TableViewCells;
			sourceTree = "<group>";
		};
		4261C508288D94B40068BC38 /* WriteReview */ = {
			isa = PBXGroup;
			children = (
				4261C509288D94E00068BC38 /* WriteReviewViewController.swift */,
				42729104288D98060029262A /* WriteReview.storyboard */,
				4272910A288D9CEF0029262A /* RatingView.swift */,
			);
			path = WriteReview;
			sourceTree = "<group>";
		};
		426A08982892EB090044B8B8 /* ProfileDetails */ = {
			isa = PBXGroup;
			children = (
				426A08992892EB310044B8B8 /* ProfileDetails.storyboard */,
				426A089B2892EB3F0044B8B8 /* ProfileDetailsViewController.swift */,
			);
			path = ProfileDetails;
			sourceTree = "<group>";
		};
		42D309BD2875EE6300B03062 = {
			isa = PBXGroup;
			children = (
				42D309C82875EE6300B03062 /* TV Shows */,
				42D309C72875EE6300B03062 /* Products */,
				CF640C0637F9C4844D738115 /* Pods */,
				FE670E8147621C216553C9F3 /* Frameworks */,
			);
			sourceTree = "<group>";
		};
		42D309C72875EE6300B03062 /* Products */ = {
			isa = PBXGroup;
			children = (
				42D309C62875EE6300B03062 /* TV Shows.app */,
			);
			name = Products;
			sourceTree = "<group>";
		};
		42D309C82875EE6300B03062 /* TV Shows */ = {
			isa = PBXGroup;
			children = (
				4261C4EF288C25210068BC38 /* ShowDetails */,
				4261C4DF28882DCD0068BC38 /* API */,
				4261C4D428881CF60068BC38 /* Home */,
				42D309DD2878A8B300B03062 /* Login */,
				42D309C92875EE6300B03062 /* AppDelegate.swift */,
				42D309CB2875EE6300B03062 /* SceneDelegate.swift */,
				42D309CD2875EE6300B03062 /* ViewController.swift */,
				42D309D22875EE6500B03062 /* Assets.xcassets */,
				42D309D42875EE6500B03062 /* LaunchScreen.storyboard */,
				42D309D72875EE6500B03062 /* Info.plist */,
				4261C4DB288827AC0068BC38 /* Constants.swift */,
				4261C4E3288B1A810068BC38 /* Colors.xcassets */,
				4261C4E7288BF8320068BC38 /* Alert.swift */,
				4261C4D22882B45D0068BC38 /* Colors.swift */,
				4272910C28907EA60029262A /* Animations.swift */,
			);
			path = "TV Shows";
			sourceTree = "<group>";
		};
		42D309DD2878A8B300B03062 /* Login */ = {
			isa = PBXGroup;
			children = (
				42D309DE2878A8C900B03062 /* Login.storyboard */,
				42D309E02878A8DB00B03062 /* LoginViewController.swift */,
				4261C4E5288BEF010068BC38 /* User.swift */,
			);
			path = Login;
			sourceTree = "<group>";
		};
		CF640C0637F9C4844D738115 /* Pods */ = {
			isa = PBXGroup;
			children = (
				E0E1E13A6BF9FE52A70D3400 /* Pods-TV Shows.debug.xcconfig */,
				2415CC3BC18B2F5275868735 /* Pods-TV Shows.release.xcconfig */,
			);
			path = Pods;
			sourceTree = "<group>";
		};
		FE670E8147621C216553C9F3 /* Frameworks */ = {
			isa = PBXGroup;
			children = (
				351340DE7E1DCDB4DC3CA631 /* Pods_TV_Shows.framework */,
			);
			name = Frameworks;
			sourceTree = "<group>";
		};
/* End PBXGroup section */

/* Begin PBXNativeTarget section */
		42D309C52875EE6300B03062 /* TV Shows */ = {
			isa = PBXNativeTarget;
			buildConfigurationList = 42D309DA2875EE6500B03062 /* Build configuration list for PBXNativeTarget "TV Shows" */;
			buildPhases = (
				CD95E07466A8E610ACBA9E48 /* [CP] Check Pods Manifest.lock */,
				42D309C22875EE6300B03062 /* Sources */,
				42D309C32875EE6300B03062 /* Frameworks */,
				42D309C42875EE6300B03062 /* Resources */,
				AF94FD0BF111D0D1B478974F /* [CP] Embed Pods Frameworks */,
			);
			buildRules = (
			);
			dependencies = (
			);
			name = "TV Shows";
			productName = "TV Shows";
			productReference = 42D309C62875EE6300B03062 /* TV Shows.app */;
			productType = "com.apple.product-type.application";
		};
/* End PBXNativeTarget section */

/* Begin PBXProject section */
		42D309BE2875EE6300B03062 /* Project object */ = {
			isa = PBXProject;
			attributes = {
				BuildIndependentTargetsInParallel = 1;
				LastSwiftUpdateCheck = 1340;
				LastUpgradeCheck = 1340;
				TargetAttributes = {
					42D309C52875EE6300B03062 = {
						CreatedOnToolsVersion = 13.4;
					};
				};
			};
			buildConfigurationList = 42D309C12875EE6300B03062 /* Build configuration list for PBXProject "TV Shows" */;
			compatibilityVersion = "Xcode 13.0";
			developmentRegion = en;
			hasScannedForEncodings = 0;
			knownRegions = (
				en,
				Base,
			);
			mainGroup = 42D309BD2875EE6300B03062;
			productRefGroup = 42D309C72875EE6300B03062 /* Products */;
			projectDirPath = "";
			projectRoot = "";
			targets = (
				42D309C52875EE6300B03062 /* TV Shows */,
			);
		};
/* End PBXProject section */

/* Begin PBXResourcesBuildPhase section */
		42D309C42875EE6300B03062 /* Resources */ = {
			isa = PBXResourcesBuildPhase;
			buildActionMask = 2147483647;
			files = (
				4261C4F3288C258B0068BC38 /* ShowDetails.storyboard in Resources */,
				4261C4E4288B1A810068BC38 /* Colors.xcassets in Resources */,
				42D309D62875EE6500B03062 /* LaunchScreen.storyboard in Resources */,
				42729105288D98060029262A /* WriteReview.storyboard in Resources */,
				42D309D32875EE6500B03062 /* Assets.xcassets in Resources */,
				42D309DF2878A8C900B03062 /* Login.storyboard in Resources */,
				4261C4D828881D2F0068BC38 /* Home.storyboard in Resources */,
				426A089A2892EB310044B8B8 /* ProfileDetails.storyboard in Resources */,
			);
			runOnlyForDeploymentPostprocessing = 0;
		};
/* End PBXResourcesBuildPhase section */

/* Begin PBXShellScriptBuildPhase section */
		AF94FD0BF111D0D1B478974F /* [CP] Embed Pods Frameworks */ = {
			isa = PBXShellScriptBuildPhase;
			buildActionMask = 2147483647;
			files = (
			);
			inputFileListPaths = (
				"${PODS_ROOT}/Target Support Files/Pods-TV Shows/Pods-TV Shows-frameworks-${CONFIGURATION}-input-files.xcfilelist",
			);
			name = "[CP] Embed Pods Frameworks";
			outputFileListPaths = (
				"${PODS_ROOT}/Target Support Files/Pods-TV Shows/Pods-TV Shows-frameworks-${CONFIGURATION}-output-files.xcfilelist",
			);
			runOnlyForDeploymentPostprocessing = 0;
			shellPath = /bin/sh;
			shellScript = "\"${PODS_ROOT}/Target Support Files/Pods-TV Shows/Pods-TV Shows-frameworks.sh\"\n";
			showEnvVarsInLog = 0;
		};
		CD95E07466A8E610ACBA9E48 /* [CP] Check Pods Manifest.lock */ = {
			isa = PBXShellScriptBuildPhase;
			buildActionMask = 2147483647;
			files = (
			);
			inputFileListPaths = (
			);
			inputPaths = (
				"${PODS_PODFILE_DIR_PATH}/Podfile.lock",
				"${PODS_ROOT}/Manifest.lock",
			);
			name = "[CP] Check Pods Manifest.lock";
			outputFileListPaths = (
			);
			outputPaths = (
				"$(DERIVED_FILE_DIR)/Pods-TV Shows-checkManifestLockResult.txt",
			);
			runOnlyForDeploymentPostprocessing = 0;
			shellPath = /bin/sh;
			shellScript = "diff \"${PODS_PODFILE_DIR_PATH}/Podfile.lock\" \"${PODS_ROOT}/Manifest.lock\" > /dev/null\nif [ $? != 0 ] ; then\n    # print error to STDERR\n    echo \"error: The sandbox is not in sync with the Podfile.lock. Run 'pod install' or update your CocoaPods installation.\" >&2\n    exit 1\nfi\n# This output is used by Xcode 'outputs' to avoid re-running this script phase.\necho \"SUCCESS\" > \"${SCRIPT_OUTPUT_FILE_0}\"\n";
			showEnvVarsInLog = 0;
		};
/* End PBXShellScriptBuildPhase section */

/* Begin PBXSourcesBuildPhase section */
		42D309C22875EE6300B03062 /* Sources */ = {
			isa = PBXSourcesBuildPhase;
			buildActionMask = 2147483647;
			files = (
				42D309E12878A8DB00B03062 /* LoginViewController.swift in Sources */,
				4261C501288D72770068BC38 /* Reviews.swift in Sources */,
				4261C4F1288C25420068BC38 /* ShowDetailsViewController.swift in Sources */,
				4261C505288D75810068BC38 /* ShowDetailsReviewTableViewCell.swift in Sources */,
				4261C4EA288BFB860068BC38 /* ShowsRouter.swift in Sources */,
				4261C4D32882B45D0068BC38 /* Colors.swift in Sources */,
				4272910B288D9CEF0029262A /* RatingView.swift in Sources */,
				4261C4FF288D714B0068BC38 /* ReviewsRouter.swift in Sources */,
				4261C4FD288C41040068BC38 /* ShowDetailsMainTableViewCell.swift in Sources */,
				42D309CE2875EE6300B03062 /* ViewController.swift in Sources */,
				426A089C2892EB3F0044B8B8 /* ProfileDetailsViewController.swift in Sources */,
				4261C4EE288C09680068BC38 /* ShowsTableViewCell.swift in Sources */,
				42D309CA2875EE6300B03062 /* AppDelegate.swift in Sources */,
				42D309CC2875EE6300B03062 /* SceneDelegate.swift in Sources */,
				4261C4D628881D1E0068BC38 /* HomeViewController.swift in Sources */,
				4261C4DA288826680068BC38 /* AuthRouter.swift in Sources */,
				4261C4DC288827AC0068BC38 /* Constants.swift in Sources */,
				4261C4E8288BF8320068BC38 /* Alert.swift in Sources */,
				4261C50A288D94E00068BC38 /* WriteReviewViewController.swift in Sources */,
				426A089E2892F3FA0044B8B8 /* UserRouter.swift in Sources */,
				4261C4E6288BEF010068BC38 /* User.swift in Sources */,
				4261C4DE28882ABB0068BC38 /* ApiManager.swift in Sources */,
				4272910D28907EA60029262A /* Animations.swift in Sources */,
				4261C4EC288BFE160068BC38 /* Shows.swift in Sources */,
			);
			runOnlyForDeploymentPostprocessing = 0;
		};
/* End PBXSourcesBuildPhase section */

/* Begin PBXVariantGroup section */
		42D309D42875EE6500B03062 /* LaunchScreen.storyboard */ = {
			isa = PBXVariantGroup;
			children = (
				42D309D52875EE6500B03062 /* Base */,
			);
			name = LaunchScreen.storyboard;
			sourceTree = "<group>";
		};
/* End PBXVariantGroup section */

/* Begin XCBuildConfiguration section */
		42D309D82875EE6500B03062 /* Debug */ = {
			isa = XCBuildConfiguration;
			buildSettings = {
				ALWAYS_SEARCH_USER_PATHS = NO;
				CLANG_ANALYZER_NONNULL = YES;
				CLANG_ANALYZER_NUMBER_OBJECT_CONVERSION = YES_AGGRESSIVE;
				CLANG_CXX_LANGUAGE_STANDARD = "gnu++17";
				CLANG_ENABLE_MODULES = YES;
				CLANG_ENABLE_OBJC_ARC = YES;
				CLANG_ENABLE_OBJC_WEAK = YES;
				CLANG_WARN_BLOCK_CAPTURE_AUTORELEASING = YES;
				CLANG_WARN_BOOL_CONVERSION = YES;
				CLANG_WARN_COMMA = YES;
				CLANG_WARN_CONSTANT_CONVERSION = YES;
				CLANG_WARN_DEPRECATED_OBJC_IMPLEMENTATIONS = YES;
				CLANG_WARN_DIRECT_OBJC_ISA_USAGE = YES_ERROR;
				CLANG_WARN_DOCUMENTATION_COMMENTS = YES;
				CLANG_WARN_EMPTY_BODY = YES;
				CLANG_WARN_ENUM_CONVERSION = YES;
				CLANG_WARN_INFINITE_RECURSION = YES;
				CLANG_WARN_INT_CONVERSION = YES;
				CLANG_WARN_NON_LITERAL_NULL_CONVERSION = YES;
				CLANG_WARN_OBJC_IMPLICIT_RETAIN_SELF = YES;
				CLANG_WARN_OBJC_LITERAL_CONVERSION = YES;
				CLANG_WARN_OBJC_ROOT_CLASS = YES_ERROR;
				CLANG_WARN_QUOTED_INCLUDE_IN_FRAMEWORK_HEADER = YES;
				CLANG_WARN_RANGE_LOOP_ANALYSIS = YES;
				CLANG_WARN_STRICT_PROTOTYPES = YES;
				CLANG_WARN_SUSPICIOUS_MOVE = YES;
				CLANG_WARN_UNGUARDED_AVAILABILITY = YES_AGGRESSIVE;
				CLANG_WARN_UNREACHABLE_CODE = YES;
				CLANG_WARN__DUPLICATE_METHOD_MATCH = YES;
				COPY_PHASE_STRIP = NO;
				DEBUG_INFORMATION_FORMAT = dwarf;
				ENABLE_STRICT_OBJC_MSGSEND = YES;
				ENABLE_TESTABILITY = YES;
				GCC_C_LANGUAGE_STANDARD = gnu11;
				GCC_DYNAMIC_NO_PIC = NO;
				GCC_NO_COMMON_BLOCKS = YES;
				GCC_OPTIMIZATION_LEVEL = 0;
				GCC_PREPROCESSOR_DEFINITIONS = (
					"DEBUG=1",
					"$(inherited)",
				);
				GCC_WARN_64_TO_32_BIT_CONVERSION = YES;
				GCC_WARN_ABOUT_RETURN_TYPE = YES_ERROR;
				GCC_WARN_UNDECLARED_SELECTOR = YES;
				GCC_WARN_UNINITIALIZED_AUTOS = YES_AGGRESSIVE;
				GCC_WARN_UNUSED_FUNCTION = YES;
				GCC_WARN_UNUSED_VARIABLE = YES;
				IPHONEOS_DEPLOYMENT_TARGET = 15.5;
				MTL_ENABLE_DEBUG_INFO = INCLUDE_SOURCE;
				MTL_FAST_MATH = YES;
				ONLY_ACTIVE_ARCH = YES;
				SDKROOT = iphoneos;
				SWIFT_ACTIVE_COMPILATION_CONDITIONS = DEBUG;
				SWIFT_OPTIMIZATION_LEVEL = "-Onone";
			};
			name = Debug;
		};
		42D309D92875EE6500B03062 /* Release */ = {
			isa = XCBuildConfiguration;
			buildSettings = {
				ALWAYS_SEARCH_USER_PATHS = NO;
				CLANG_ANALYZER_NONNULL = YES;
				CLANG_ANALYZER_NUMBER_OBJECT_CONVERSION = YES_AGGRESSIVE;
				CLANG_CXX_LANGUAGE_STANDARD = "gnu++17";
				CLANG_ENABLE_MODULES = YES;
				CLANG_ENABLE_OBJC_ARC = YES;
				CLANG_ENABLE_OBJC_WEAK = YES;
				CLANG_WARN_BLOCK_CAPTURE_AUTORELEASING = YES;
				CLANG_WARN_BOOL_CONVERSION = YES;
				CLANG_WARN_COMMA = YES;
				CLANG_WARN_CONSTANT_CONVERSION = YES;
				CLANG_WARN_DEPRECATED_OBJC_IMPLEMENTATIONS = YES;
				CLANG_WARN_DIRECT_OBJC_ISA_USAGE = YES_ERROR;
				CLANG_WARN_DOCUMENTATION_COMMENTS = YES;
				CLANG_WARN_EMPTY_BODY = YES;
				CLANG_WARN_ENUM_CONVERSION = YES;
				CLANG_WARN_INFINITE_RECURSION = YES;
				CLANG_WARN_INT_CONVERSION = YES;
				CLANG_WARN_NON_LITERAL_NULL_CONVERSION = YES;
				CLANG_WARN_OBJC_IMPLICIT_RETAIN_SELF = YES;
				CLANG_WARN_OBJC_LITERAL_CONVERSION = YES;
				CLANG_WARN_OBJC_ROOT_CLASS = YES_ERROR;
				CLANG_WARN_QUOTED_INCLUDE_IN_FRAMEWORK_HEADER = YES;
				CLANG_WARN_RANGE_LOOP_ANALYSIS = YES;
				CLANG_WARN_STRICT_PROTOTYPES = YES;
				CLANG_WARN_SUSPICIOUS_MOVE = YES;
				CLANG_WARN_UNGUARDED_AVAILABILITY = YES_AGGRESSIVE;
				CLANG_WARN_UNREACHABLE_CODE = YES;
				CLANG_WARN__DUPLICATE_METHOD_MATCH = YES;
				COPY_PHASE_STRIP = NO;
				DEBUG_INFORMATION_FORMAT = "dwarf-with-dsym";
				ENABLE_NS_ASSERTIONS = NO;
				ENABLE_STRICT_OBJC_MSGSEND = YES;
				GCC_C_LANGUAGE_STANDARD = gnu11;
				GCC_NO_COMMON_BLOCKS = YES;
				GCC_WARN_64_TO_32_BIT_CONVERSION = YES;
				GCC_WARN_ABOUT_RETURN_TYPE = YES_ERROR;
				GCC_WARN_UNDECLARED_SELECTOR = YES;
				GCC_WARN_UNINITIALIZED_AUTOS = YES_AGGRESSIVE;
				GCC_WARN_UNUSED_FUNCTION = YES;
				GCC_WARN_UNUSED_VARIABLE = YES;
				IPHONEOS_DEPLOYMENT_TARGET = 15.5;
				MTL_ENABLE_DEBUG_INFO = NO;
				MTL_FAST_MATH = YES;
				SDKROOT = iphoneos;
				SWIFT_COMPILATION_MODE = wholemodule;
				SWIFT_OPTIMIZATION_LEVEL = "-O";
				VALIDATE_PRODUCT = YES;
			};
			name = Release;
		};
		42D309DB2875EE6500B03062 /* Debug */ = {
			isa = XCBuildConfiguration;
			baseConfigurationReference = E0E1E13A6BF9FE52A70D3400 /* Pods-TV Shows.debug.xcconfig */;
			buildSettings = {
				ASSETCATALOG_COMPILER_APPICON_NAME = AppIcon;
				ASSETCATALOG_COMPILER_GLOBAL_ACCENT_COLOR_NAME = AccentColor;
				CODE_SIGN_STYLE = Automatic;
				CURRENT_PROJECT_VERSION = 1;
				GENERATE_INFOPLIST_FILE = YES;
				INFOPLIST_FILE = "TV Shows/Info.plist";
				INFOPLIST_KEY_UIApplicationSupportsIndirectInputEvents = YES;
				INFOPLIST_KEY_UILaunchStoryboardName = LaunchScreen;
				INFOPLIST_KEY_UIMainStoryboardFile = Login;
				INFOPLIST_KEY_UISupportedInterfaceOrientations_iPad = "UIInterfaceOrientationPortrait UIInterfaceOrientationPortraitUpsideDown UIInterfaceOrientationLandscapeLeft UIInterfaceOrientationLandscapeRight";
				INFOPLIST_KEY_UISupportedInterfaceOrientations_iPhone = "UIInterfaceOrientationPortrait UIInterfaceOrientationLandscapeLeft UIInterfaceOrientationLandscapeRight";
				INFOPLIST_KEY_UIUserInterfaceStyle = Light;
				IPHONEOS_DEPLOYMENT_TARGET = 13.0;
				LD_RUNPATH_SEARCH_PATHS = (
					"$(inherited)",
					"@executable_path/Frameworks",
				);
				MARKETING_VERSION = 1.0;
				PRODUCT_BUNDLE_IDENTIFIER = "com.zanspiler.TV-Shows";
				PRODUCT_NAME = "$(TARGET_NAME)";
				SWIFT_EMIT_LOC_STRINGS = YES;
				SWIFT_VERSION = 5.0;
				TARGETED_DEVICE_FAMILY = "1,2";
			};
			name = Debug;
		};
		42D309DC2875EE6500B03062 /* Release */ = {
			isa = XCBuildConfiguration;
			baseConfigurationReference = 2415CC3BC18B2F5275868735 /* Pods-TV Shows.release.xcconfig */;
			buildSettings = {
				ASSETCATALOG_COMPILER_APPICON_NAME = AppIcon;
				ASSETCATALOG_COMPILER_GLOBAL_ACCENT_COLOR_NAME = AccentColor;
				CODE_SIGN_STYLE = Automatic;
				CURRENT_PROJECT_VERSION = 1;
				GENERATE_INFOPLIST_FILE = YES;
				INFOPLIST_FILE = "TV Shows/Info.plist";
				INFOPLIST_KEY_UIApplicationSupportsIndirectInputEvents = YES;
				INFOPLIST_KEY_UILaunchStoryboardName = LaunchScreen;
				INFOPLIST_KEY_UIMainStoryboardFile = Login;
				INFOPLIST_KEY_UISupportedInterfaceOrientations_iPad = "UIInterfaceOrientationPortrait UIInterfaceOrientationPortraitUpsideDown UIInterfaceOrientationLandscapeLeft UIInterfaceOrientationLandscapeRight";
				INFOPLIST_KEY_UISupportedInterfaceOrientations_iPhone = "UIInterfaceOrientationPortrait UIInterfaceOrientationLandscapeLeft UIInterfaceOrientationLandscapeRight";
				INFOPLIST_KEY_UIUserInterfaceStyle = Light;
				IPHONEOS_DEPLOYMENT_TARGET = 13.0;
				LD_RUNPATH_SEARCH_PATHS = (
					"$(inherited)",
					"@executable_path/Frameworks",
				);
				MARKETING_VERSION = 1.0;
				PRODUCT_BUNDLE_IDENTIFIER = "com.zanspiler.TV-Shows";
				PRODUCT_NAME = "$(TARGET_NAME)";
				SWIFT_EMIT_LOC_STRINGS = YES;
				SWIFT_VERSION = 5.0;
				TARGETED_DEVICE_FAMILY = "1,2";
			};
			name = Release;
		};
/* End XCBuildConfiguration section */

/* Begin XCConfigurationList section */
		42D309C12875EE6300B03062 /* Build configuration list for PBXProject "TV Shows" */ = {
			isa = XCConfigurationList;
			buildConfigurations = (
				42D309D82875EE6500B03062 /* Debug */,
				42D309D92875EE6500B03062 /* Release */,
			);
			defaultConfigurationIsVisible = 0;
			defaultConfigurationName = Release;
		};
		42D309DA2875EE6500B03062 /* Build configuration list for PBXNativeTarget "TV Shows" */ = {
			isa = XCConfigurationList;
			buildConfigurations = (
				42D309DB2875EE6500B03062 /* Debug */,
				42D309DC2875EE6500B03062 /* Release */,
			);
			defaultConfigurationIsVisible = 0;
			defaultConfigurationName = Release;
		};
/* End XCConfigurationList section */
	};
	rootObject = 42D309BE2875EE6300B03062 /* Project object */;
}
